// !$*UTF8*$!
{
	archiveVersion = 1;
	classes = {
	};
	objectVersion = 50;
	objects = {

/* Begin PBXBuildFile section */
		AECF8796246594C4001F0591 /* AppDelegate.swift in Sources */ = {isa = PBXBuildFile; fileRef = AECF8795246594C4001F0591 /* AppDelegate.swift */; };
		AECF8798246594C4001F0591 /* SceneDelegate.swift in Sources */ = {isa = PBXBuildFile; fileRef = AECF8797246594C4001F0591 /* SceneDelegate.swift */; };
		AECF879A246594C4001F0591 /* ViewController.swift in Sources */ = {isa = PBXBuildFile; fileRef = AECF8799246594C4001F0591 /* ViewController.swift */; };
		AECF879D246594C4001F0591 /* Main.storyboard in Resources */ = {isa = PBXBuildFile; fileRef = AECF879B246594C4001F0591 /* Main.storyboard */; };
		AECF879F246594CC001F0591 /* Assets.xcassets in Resources */ = {isa = PBXBuildFile; fileRef = AECF879E246594CC001F0591 /* Assets.xcassets */; };
		AECF87A2246594CC001F0591 /* LaunchScreen.storyboard in Resources */ = {isa = PBXBuildFile; fileRef = AECF87A0246594CC001F0591 /* LaunchScreen.storyboard */; };
		AECF87AD246594CD001F0591 /* calculatorTests.swift in Sources */ = {isa = PBXBuildFile; fileRef = AECF87AC246594CD001F0591 /* calculatorTests.swift */; };
		AECF87B8246594CD001F0591 /* calculatorUITests.swift in Sources */ = {isa = PBXBuildFile; fileRef = AECF87B7246594CD001F0591 /* calculatorUITests.swift */; };
/* End PBXBuildFile section */

/* Begin PBXContainerItemProxy section */
		AECF87A9246594CD001F0591 /* PBXContainerItemProxy */ = {
			isa = PBXContainerItemProxy;
			containerPortal = AECF878A246594C4001F0591 /* Project object */;
			proxyType = 1;
			remoteGlobalIDString = AECF8791246594C4001F0591;
			remoteInfo = calculator;
		};
		AECF87B4246594CD001F0591 /* PBXContainerItemProxy */ = {
			isa = PBXContainerItemProxy;
			containerPortal = AECF878A246594C4001F0591 /* Project object */;
			proxyType = 1;
			remoteGlobalIDString = AECF8791246594C4001F0591;
			remoteInfo = calculator;
		};
/* End PBXContainerItemProxy section */

/* Begin PBXFileReference section */
		AECF8792246594C4001F0591 /* calculator.app */ = {isa = PBXFileReference; explicitFileType = wrapper.application; includeInIndex = 0; path = calculator.app; sourceTree = BUILT_PRODUCTS_DIR; };
		AECF8795246594C4001F0591 /* AppDelegate.swift */ = {isa = PBXFileReference; lastKnownFileType = sourcecode.swift; path = AppDelegate.swift; sourceTree = "<group>"; };
		AECF8797246594C4001F0591 /* SceneDelegate.swift */ = {isa = PBXFileReference; lastKnownFileType = sourcecode.swift; path = SceneDelegate.swift; sourceTree = "<group>"; };
		AECF8799246594C4001F0591 /* ViewController.swift */ = {isa = PBXFileReference; lastKnownFileType = sourcecode.swift; path = ViewController.swift; sourceTree = "<group>"; };
		AECF879C246594C4001F0591 /* Base */ = {isa = PBXFileReference; lastKnownFileType = file.storyboard; name = Base; path = Base.lproj/Main.storyboard; sourceTree = "<group>"; };
		AECF879E246594CC001F0591 /* Assets.xcassets */ = {isa = PBXFileReference; lastKnownFileType = folder.assetcatalog; path = Assets.xcassets; sourceTree = "<group>"; };
		AECF87A1246594CC001F0591 /* Base */ = {isa = PBXFileReference; lastKnownFileType = file.storyboard; name = Base; path = Base.lproj/LaunchScreen.storyboard; sourceTree = "<group>"; };
		AECF87A3246594CC001F0591 /* Info.plist */ = {isa = PBXFileReference; lastKnownFileType = text.plist.xml; path = Info.plist; sourceTree = "<group>"; };
		AECF87A8246594CD001F0591 /* calculatorTests.xctest */ = {isa = PBXFileReference; explicitFileType = wrapper.cfbundle; includeInIndex = 0; path = calculatorTests.xctest; sourceTree = BUILT_PRODUCTS_DIR; };
		AECF87AC246594CD001F0591 /* calculatorTests.swift */ = {isa = PBXFileReference; lastKnownFileType = sourcecode.swift; path = calculatorTests.swift; sourceTree = "<group>"; };
		AECF87AE246594CD001F0591 /* Info.plist */ = {isa = PBXFileReference; lastKnownFileType = text.plist.xml; path = Info.plist; sourceTree = "<group>"; };
		AECF87B3246594CD001F0591 /* calculatorUITests.xctest */ = {isa = PBXFileReference; explicitFileType = wrapper.cfbundle; includeInIndex = 0; path = calculatorUITests.xctest; sourceTree = BUILT_PRODUCTS_DIR; };
		AECF87B7246594CD001F0591 /* calculatorUITests.swift */ = {isa = PBXFileReference; lastKnownFileType = sourcecode.swift; path = calculatorUITests.swift; sourceTree = "<group>"; };
		AECF87B9246594CD001F0591 /* Info.plist */ = {isa = PBXFileReference; lastKnownFileType = text.plist.xml; path = Info.plist; sourceTree = "<group>"; };
/* End PBXFileReference section */

/* Begin PBXFrameworksBuildPhase section */
		AECF878F246594C4001F0591 /* Frameworks */ = {
			isa = PBXFrameworksBuildPhase;
			buildActionMask = 2147483647;
			files = (
			);
			runOnlyForDeploymentPostprocessing = 0;
		};
		AECF87A5246594CD001F0591 /* Frameworks */ = {
			isa = PBXFrameworksBuildPhase;
			buildActionMask = 2147483647;
			files = (
			);
			runOnlyForDeploymentPostprocessing = 0;
		};
		AECF87B0246594CD001F0591 /* Frameworks */ = {
			isa = PBXFrameworksBuildPhase;
			buildActionMask = 2147483647;
			files = (
			);
			runOnlyForDeploymentPostprocessing = 0;
		};
/* End PBXFrameworksBuildPhase section */

/* Begin PBXGroup section */
		AECF8789246594C4001F0591 = {
			isa = PBXGroup;
			children = (
				AECF8794246594C4001F0591 /* calculator */,
				AECF87AB246594CD001F0591 /* calculatorTests */,
				AECF87B6246594CD001F0591 /* calculatorUITests */,
				AECF8793246594C4001F0591 /* Products */,
			);
			sourceTree = "<group>";
		};
		AECF8793246594C4001F0591 /* Products */ = {
			isa = PBXGroup;
			children = (
				AECF8792246594C4001F0591 /* calculator.app */,
				AECF87A8246594CD001F0591 /* calculatorTests.xctest */,
				AECF87B3246594CD001F0591 /* calculatorUITests.xctest */,
			);
			name = Products;
			sourceTree = "<group>";
		};
		AECF8794246594C4001F0591 /* calculator */ = {
			isa = PBXGroup;
			children = (
				AECF8795246594C4001F0591 /* AppDelegate.swift */,
				AECF8797246594C4001F0591 /* SceneDelegate.swift */,
				AECF8799246594C4001F0591 /* ViewController.swift */,
				AECF879B246594C4001F0591 /* Main.storyboard */,
				AECF879E246594CC001F0591 /* Assets.xcassets */,
				AECF87A0246594CC001F0591 /* LaunchScreen.storyboard */,
				AECF87A3246594CC001F0591 /* Info.plist */,
			);
			path = calculator;
			sourceTree = "<group>";
		};
		AECF87AB246594CD001F0591 /* calculatorTests */ = {
			isa = PBXGroup;
			children = (
				AECF87AC246594CD001F0591 /* calculatorTests.swift */,
				AECF87AE246594CD001F0591 /* Info.plist */,
			);
			path = calculatorTests;
			sourceTree = "<group>";
		};
		AECF87B6246594CD001F0591 /* calculatorUITests */ = {
			isa = PBXGroup;
			children = (
				AECF87B7246594CD001F0591 /* calculatorUITests.swift */,
				AECF87B9246594CD001F0591 /* Info.plist */,
			);
			path = calculatorUITests;
			sourceTree = "<group>";
		};
/* End PBXGroup section */

/* Begin PBXNativeTarget section */
		AECF8791246594C4001F0591 /* calculator */ = {
			isa = PBXNativeTarget;
			buildConfigurationList = AECF87BC246594CD001F0591 /* Build configuration list for PBXNativeTarget "calculator" */;
			buildPhases = (
				AECF878E246594C4001F0591 /* Sources */,
				AECF878F246594C4001F0591 /* Frameworks */,
				AECF8790246594C4001F0591 /* Resources */,
			);
			buildRules = (
			);
			dependencies = (
			);
			name = calculator;
			productName = calculator;
			productReference = AECF8792246594C4001F0591 /* calculator.app */;
			productType = "com.apple.product-type.application";
		};
		AECF87A7246594CD001F0591 /* calculatorTests */ = {
			isa = PBXNativeTarget;
			buildConfigurationList = AECF87BF246594CD001F0591 /* Build configuration list for PBXNativeTarget "calculatorTests" */;
			buildPhases = (
				AECF87A4246594CD001F0591 /* Sources */,
				AECF87A5246594CD001F0591 /* Frameworks */,
				AECF87A6246594CD001F0591 /* Resources */,
			);
			buildRules = (
			);
			dependencies = (
				AECF87AA246594CD001F0591 /* PBXTargetDependency */,
			);
			name = calculatorTests;
			productName = calculatorTests;
			productReference = AECF87A8246594CD001F0591 /* calculatorTests.xctest */;
			productType = "com.apple.product-type.bundle.unit-test";
		};
		AECF87B2246594CD001F0591 /* calculatorUITests */ = {
			isa = PBXNativeTarget;
			buildConfigurationList = AECF87C2246594CD001F0591 /* Build configuration list for PBXNativeTarget "calculatorUITests" */;
			buildPhases = (
				AECF87AF246594CD001F0591 /* Sources */,
				AECF87B0246594CD001F0591 /* Frameworks */,
				AECF87B1246594CD001F0591 /* Resources */,
			);
			buildRules = (
			);
			dependencies = (
				AECF87B5246594CD001F0591 /* PBXTargetDependency */,
			);
			name = calculatorUITests;
			productName = calculatorUITests;
			productReference = AECF87B3246594CD001F0591 /* calculatorUITests.xctest */;
			productType = "com.apple.product-type.bundle.ui-testing";
		};
/* End PBXNativeTarget section */

/* Begin PBXProject section */
		AECF878A246594C4001F0591 /* Project object */ = {
			isa = PBXProject;
			attributes = {
				LastSwiftUpdateCheck = 1140;
				LastUpgradeCheck = 1140;
				ORGANIZATIONNAME = "esaki yuki";
				TargetAttributes = {
					AECF8791246594C4001F0591 = {
						CreatedOnToolsVersion = 11.4.1;
					};
					AECF87A7246594CD001F0591 = {
						CreatedOnToolsVersion = 11.4.1;
						TestTargetID = AECF8791246594C4001F0591;
					};
					AECF87B2246594CD001F0591 = {
						CreatedOnToolsVersion = 11.4.1;
						TestTargetID = AECF8791246594C4001F0591;
					};
				};
			};
			buildConfigurationList = AECF878D246594C4001F0591 /* Build configuration list for PBXProject "calculator" */;
			compatibilityVersion = "Xcode 9.3";
			developmentRegion = en;
			hasScannedForEncodings = 0;
			knownRegions = (
				en,
				Base,
			);
			mainGroup = AECF8789246594C4001F0591;
			productRefGroup = AECF8793246594C4001F0591 /* Products */;
			projectDirPath = "";
			projectRoot = "";
			targets = (
				AECF8791246594C4001F0591 /* calculator */,
				AECF87A7246594CD001F0591 /* calculatorTests */,
				AECF87B2246594CD001F0591 /* calculatorUITests */,
			);
		};
/* End PBXProject section */

/* Begin PBXResourcesBuildPhase section */
		AECF8790246594C4001F0591 /* Resources */ = {
			isa = PBXResourcesBuildPhase;
			buildActionMask = 2147483647;
			files = (
				AECF87A2246594CC001F0591 /* LaunchScreen.storyboard in Resources */,
				AECF879F246594CC001F0591 /* Assets.xcassets in Resources */,
				AECF879D246594C4001F0591 /* Main.storyboard in Resources */,
			);
			runOnlyForDeploymentPostprocessing = 0;
		};
		AECF87A6246594CD001F0591 /* Resources */ = {
			isa = PBXResourcesBuildPhase;
			buildActionMask = 2147483647;
			files = (
			);
			runOnlyForDeploymentPostprocessing = 0;
		};
		AECF87B1246594CD001F0591 /* Resources */ = {
			isa = PBXResourcesBuildPhase;
			buildActionMask = 2147483647;
			files = (
			);
			runOnlyForDeploymentPostprocessing = 0;
		};
/* End PBXResourcesBuildPhase section */

/* Begin PBXSourcesBuildPhase section */
		AECF878E246594C4001F0591 /* Sources */ = {
			isa = PBXSourcesBuildPhase;
			buildActionMask = 2147483647;
			files = (
				AECF879A246594C4001F0591 /* ViewController.swift in Sources */,
				AECF8796246594C4001F0591 /* AppDelegate.swift in Sources */,
				AECF8798246594C4001F0591 /* SceneDelegate.swift in Sources */,
			);
			runOnlyForDeploymentPostprocessing = 0;
		};
		AECF87A4246594CD001F0591 /* Sources */ = {
			isa = PBXSourcesBuildPhase;
			buildActionMask = 2147483647;
			files = (
				AECF87AD246594CD001F0591 /* calculatorTests.swift in Sources */,
			);
			runOnlyForDeploymentPostprocessing = 0;
		};
		AECF87AF246594CD001F0591 /* Sources */ = {
			isa = PBXSourcesBuildPhase;
			buildActionMask = 2147483647;
			files = (
				AECF87B8246594CD001F0591 /* calculatorUITests.swift in Sources */,
			);
			runOnlyForDeploymentPostprocessing = 0;
		};
/* End PBXSourcesBuildPhase section */

/* Begin PBXTargetDependency section */
		AECF87AA246594CD001F0591 /* PBXTargetDependency */ = {
			isa = PBXTargetDependency;
			target = AECF8791246594C4001F0591 /* calculator */;
			targetProxy = AECF87A9246594CD001F0591 /* PBXContainerItemProxy */;
		};
		AECF87B5246594CD001F0591 /* PBXTargetDependency */ = {
			isa = PBXTargetDependency;
			target = AECF8791246594C4001F0591 /* calculator */;
			targetProxy = AECF87B4246594CD001F0591 /* PBXContainerItemProxy */;
		};
/* End PBXTargetDependency section */

/* Begin PBXVariantGroup section */
		AECF879B246594C4001F0591 /* Main.storyboard */ = {
			isa = PBXVariantGroup;
			children = (
				AECF879C246594C4001F0591 /* Base */,
			);
			name = Main.storyboard;
			sourceTree = "<group>";
		};
		AECF87A0246594CC001F0591 /* LaunchScreen.storyboard */ = {
			isa = PBXVariantGroup;
			children = (
				AECF87A1246594CC001F0591 /* Base */,
			);
			name = LaunchScreen.storyboard;
			sourceTree = "<group>";
		};
/* End PBXVariantGroup section */

/* Begin XCBuildConfiguration section */
		AECF87BA246594CD001F0591 /* Debug */ = {
			isa = XCBuildConfiguration;
			buildSettings = {
				ALWAYS_SEARCH_USER_PATHS = NO;
				CLANG_ANALYZER_NONNULL = YES;
				CLANG_ANALYZER_NUMBER_OBJECT_CONVERSION = YES_AGGRESSIVE;
				CLANG_CXX_LANGUAGE_STANDARD = "gnu++14";
				CLANG_CXX_LIBRARY = "libc++";
				CLANG_ENABLE_MODULES = YES;
				CLANG_ENABLE_OBJC_ARC = YES;
				CLANG_ENABLE_OBJC_WEAK = YES;
				CLANG_WARN_BLOCK_CAPTURE_AUTORELEASING = YES;
				CLANG_WARN_BOOL_CONVERSION = YES;
				CLANG_WARN_COMMA = YES;
				CLANG_WARN_CONSTANT_CONVERSION = YES;
				CLANG_WARN_DEPRECATED_OBJC_IMPLEMENTATIONS = YES;
				CLANG_WARN_DIRECT_OBJC_ISA_USAGE = YES_ERROR;
				CLANG_WARN_DOCUMENTATION_COMMENTS = YES;
				CLANG_WARN_EMPTY_BODY = YES;
				CLANG_WARN_ENUM_CONVERSION = YES;
				CLANG_WARN_INFINITE_RECURSION = YES;
				CLANG_WARN_INT_CONVERSION = YES;
				CLANG_WARN_NON_LITERAL_NULL_CONVERSION = YES;
				CLANG_WARN_OBJC_IMPLICIT_RETAIN_SELF = YES;
				CLANG_WARN_OBJC_LITERAL_CONVERSION = YES;
				CLANG_WARN_OBJC_ROOT_CLASS = YES_ERROR;
				CLANG_WARN_RANGE_LOOP_ANALYSIS = YES;
				CLANG_WARN_STRICT_PROTOTYPES = YES;
				CLANG_WARN_SUSPICIOUS_MOVE = YES;
				CLANG_WARN_UNGUARDED_AVAILABILITY = YES_AGGRESSIVE;
				CLANG_WARN_UNREACHABLE_CODE = YES;
				CLANG_WARN__DUPLICATE_METHOD_MATCH = YES;
				COPY_PHASE_STRIP = NO;
				DEBUG_INFORMATION_FORMAT = dwarf;
				ENABLE_STRICT_OBJC_MSGSEND = YES;
				ENABLE_TESTABILITY = YES;
				GCC_C_LANGUAGE_STANDARD = gnu11;
				GCC_DYNAMIC_NO_PIC = NO;
				GCC_NO_COMMON_BLOCKS = YES;
				GCC_OPTIMIZATION_LEVEL = 0;
				GCC_PREPROCESSOR_DEFINITIONS = (
					"DEBUG=1",
					"$(inherited)",
				);
				GCC_WARN_64_TO_32_BIT_CONVERSION = YES;
				GCC_WARN_ABOUT_RETURN_TYPE = YES_ERROR;
				GCC_WARN_UNDECLARED_SELECTOR = YES;
				GCC_WARN_UNINITIALIZED_AUTOS = YES_AGGRESSIVE;
				GCC_WARN_UNUSED_FUNCTION = YES;
				GCC_WARN_UNUSED_VARIABLE = YES;
				IPHONEOS_DEPLOYMENT_TARGET = 13.4;
				MTL_ENABLE_DEBUG_INFO = INCLUDE_SOURCE;
				MTL_FAST_MATH = YES;
				ONLY_ACTIVE_ARCH = YES;
				SDKROOT = iphoneos;
				SWIFT_ACTIVE_COMPILATION_CONDITIONS = DEBUG;
				SWIFT_OPTIMIZATION_LEVEL = "-Onone";
			};
			name = Debug;
		};
		AECF87BB246594CD001F0591 /* Release */ = {
			isa = XCBuildConfiguration;
			buildSettings = {
				ALWAYS_SEARCH_USER_PATHS = NO;
				CLANG_ANALYZER_NONNULL = YES;
				CLANG_ANALYZER_NUMBER_OBJECT_CONVERSION = YES_AGGRESSIVE;
				CLANG_CXX_LANGUAGE_STANDARD = "gnu++14";
				CLANG_CXX_LIBRARY = "libc++";
				CLANG_ENABLE_MODULES = YES;
				CLANG_ENABLE_OBJC_ARC = YES;
				CLANG_ENABLE_OBJC_WEAK = YES;
				CLANG_WARN_BLOCK_CAPTURE_AUTORELEASING = YES;
				CLANG_WARN_BOOL_CONVERSION = YES;
				CLANG_WARN_COMMA = YES;
				CLANG_WARN_CONSTANT_CONVERSION = YES;
				CLANG_WARN_DEPRECATED_OBJC_IMPLEMENTATIONS = YES;
				CLANG_WARN_DIRECT_OBJC_ISA_USAGE = YES_ERROR;
				CLANG_WARN_DOCUMENTATION_COMMENTS = YES;
				CLANG_WARN_EMPTY_BODY = YES;
				CLANG_WARN_ENUM_CONVERSION = YES;
				CLANG_WARN_INFINITE_RECURSION = YES;
				CLANG_WARN_INT_CONVERSION = YES;
				CLANG_WARN_NON_LITERAL_NULL_CONVERSION = YES;
				CLANG_WARN_OBJC_IMPLICIT_RETAIN_SELF = YES;
				CLANG_WARN_OBJC_LITERAL_CONVERSION = YES;
				CLANG_WARN_OBJC_ROOT_CLASS = YES_ERROR;
				CLANG_WARN_RANGE_LOOP_ANALYSIS = YES;
				CLANG_WARN_STRICT_PROTOTYPES = YES;
				CLANG_WARN_SUSPICIOUS_MOVE = YES;
				CLANG_WARN_UNGUARDED_AVAILABILITY = YES_AGGRESSIVE;
				CLANG_WARN_UNREACHABLE_CODE = YES;
				CLANG_WARN__DUPLICATE_METHOD_MATCH = YES;
				COPY_PHASE_STRIP = NO;
				DEBUG_INFORMATION_FORMAT = "dwarf-with-dsym";
				ENABLE_NS_ASSERTIONS = NO;
				ENABLE_STRICT_OBJC_MSGSEND = YES;
				GCC_C_LANGUAGE_STANDARD = gnu11;
				GCC_NO_COMMON_BLOCKS = YES;
				GCC_WARN_64_TO_32_BIT_CONVERSION = YES;
				GCC_WARN_ABOUT_RETURN_TYPE = YES_ERROR;
				GCC_WARN_UNDECLARED_SELECTOR = YES;
				GCC_WARN_UNINITIALIZED_AUTOS = YES_AGGRESSIVE;
				GCC_WARN_UNUSED_FUNCTION = YES;
				GCC_WARN_UNUSED_VARIABLE = YES;
				IPHONEOS_DEPLOYMENT_TARGET = 13.4;
				MTL_ENABLE_DEBUG_INFO = NO;
				MTL_FAST_MATH = YES;
				SDKROOT = iphoneos;
				SWIFT_COMPILATION_MODE = wholemodule;
				SWIFT_OPTIMIZATION_LEVEL = "-O";
				VALIDATE_PRODUCT = YES;
			};
			name = Release;
		};
		AECF87BD246594CD001F0591 /* Debug */ = {
			isa = XCBuildConfiguration;
			buildSettings = {
				ASSETCATALOG_COMPILER_APPICON_NAME = AppIcon;
				CODE_SIGN_STYLE = Automatic;
				INFOPLIST_FILE = calculator/Info.plist;
				LD_RUNPATH_SEARCH_PATHS = (
					"$(inherited)",
					"@executable_path/Frameworks",
				);
				PRODUCT_BUNDLE_IDENTIFIER = com.litech.calculator;
				PRODUCT_NAME = "$(TARGET_NAME)";
				SWIFT_VERSION = 5.0;
				TARGETED_DEVICE_FAMILY = "1,2";
			};
			name = Debug;
		};
		AECF87BE246594CD001F0591 /* Release */ = {
			isa = XCBuildConfiguration;
			buildSettings = {
				ASSETCATALOG_COMPILER_APPICON_NAME = AppIcon;
				CODE_SIGN_STYLE = Automatic;
				INFOPLIST_FILE = calculator/Info.plist;
				LD_RUNPATH_SEARCH_PATHS = (
					"$(inherited)",
					"@executable_path/Frameworks",
				);
				PRODUCT_BUNDLE_IDENTIFIER = com.litech.calculator;
				PRODUCT_NAME = "$(TARGET_NAME)";
				SWIFT_VERSION = 5.0;
				TARGETED_DEVICE_FAMILY = "1,2";
			};
			name = Release;
		};
		AECF87C0246594CD001F0591 /* Debug */ = {
			isa = XCBuildConfiguration;
			buildSettings = {
				ALWAYS_EMBED_SWIFT_STANDARD_LIBRARIES = YES;
				BUNDLE_LOADER = "$(TEST_HOST)";
				CODE_SIGN_STYLE = Automatic;
				INFOPLIST_FILE = calculatorTests/Info.plist;
				IPHONEOS_DEPLOYMENT_TARGET = 13.4;
				LD_RUNPATH_SEARCH_PATHS = (
					"$(inherited)",
					"@executable_path/Frameworks",
					"@loader_path/Frameworks",
				);
				PRODUCT_BUNDLE_IDENTIFIER = com.litech.calculatorTests;
				PRODUCT_NAME = "$(TARGET_NAME)";
				SWIFT_VERSION = 5.0;
				TARGETED_DEVICE_FAMILY = "1,2";
				TEST_HOST = "$(BUILT_PRODUCTS_DIR)/calculator.app/calculator";
			};
			name = Debug;
		};
		AECF87C1246594CD001F0591 /* Release */ = {
			isa = XCBuildConfiguration;
			buildSettings = {
				ALWAYS_EMBED_SWIFT_STANDARD_LIBRARIES = YES;
				BUNDLE_LOADER = "$(TEST_HOST)";
				CODE_SIGN_STYLE = Automatic;
				INFOPLIST_FILE = calculatorTests/Info.plist;
				IPHONEOS_DEPLOYMENT_TARGET = 13.4;
				LD_RUNPATH_SEARCH_PATHS = (
					"$(inherited)",
					"@executable_path/Frameworks",
					"@loader_path/Frameworks",
				);
				PRODUCT_BUNDLE_IDENTIFIER = com.litech.calculatorTests;
				PRODUCT_NAME = "$(TARGET_NAME)";
				SWIFT_VERSION = 5.0;
				TARGETED_DEVICE_FAMILY = "1,2";
				TEST_HOST = "$(BUILT_PRODUCTS_DIR)/calculator.app/calculator";
			};
			name = Release;
		};
		AECF87C3246594CD001F0591 /* Debug */ = {
			isa = XCBuildConfiguration;
			buildSettings = {
				ALWAYS_EMBED_SWIFT_STANDARD_LIBRARIES = YES;
				CODE_SIGN_STYLE = Automatic;
				INFOPLIST_FILE = calculatorUITests/Info.plist;
				LD_RUNPATH_SEARCH_PATHS = (
					"$(inherited)",
					"@executable_path/Frameworks",
					"@loader_path/Frameworks",
				);
				PRODUCT_BUNDLE_IDENTIFIER = com.litech.calculatorUITests;
				PRODUCT_NAME = "$(TARGET_NAME)";
				SWIFT_VERSION = 5.0;
				TARGETED_DEVICE_FAMILY = "1,2";
				TEST_TARGET_NAME = calculator;
			};
			name = Debug;
		};
		AECF87C4246594CD001F0591 /* Release */ = {
			isa = XCBuildConfiguration;
			buildSettings = {
				ALWAYS_EMBED_SWIFT_STANDARD_LIBRARIES = YES;
				CODE_SIGN_STYLE = Automatic;
				INFOPLIST_FILE = calculatorUITests/Info.plist;
				LD_RUNPATH_SEARCH_PATHS = (
					"$(inherited)",
					"@executable_path/Frameworks",
					"@loader_path/Frameworks",
				);
				PRODUCT_BUNDLE_IDENTIFIER = com.litech.calculatorUITests;
				PRODUCT_NAME = "$(TARGET_NAME)";
				SWIFT_VERSION = 5.0;
				TARGETED_DEVICE_FAMILY = "1,2";
				TEST_TARGET_NAME = calculator;
			};
			name = Release;
		};
/* End XCBuildConfiguration section */

/* Begin XCConfigurationList section */
		AECF878D246594C4001F0591 /* Build configuration list for PBXProject "calculator" */ = {
			isa = XCConfigurationList;
			buildConfigurations = (
				AECF87BA246594CD001F0591 /* Debug */,
				AECF87BB246594CD001F0591 /* Release */,
			);
			defaultConfigurationIsVisible = 0;
			defaultConfigurationName = Release;
		};
		AECF87BC246594CD001F0591 /* Build configuration list for PBXNativeTarget "calculator" */ = {
			isa = XCConfigurationList;
			buildConfigurations = (
				AECF87BD246594CD001F0591 /* Debug */,
				AECF87BE246594CD001F0591 /* Release */,
			);
			defaultConfigurationIsVisible = 0;
			defaultConfigurationName = Release;
		};
		AECF87BF246594CD001F0591 /* Build configuration list for PBXNativeTarget "calculatorTests" */ = {
			isa = XCConfigurationList;
			buildConfigurations = (
				AECF87C0246594CD001F0591 /* Debug */,
				AECF87C1246594CD001F0591 /* Release */,
			);
			defaultConfigurationIsVisible = 0;
			defaultConfigurationName = Release;
		};
		AECF87C2246594CD001F0591 /* Build configuration list for PBXNativeTarget "calculatorUITests" */ = {
			isa = XCConfigurationList;
			buildConfigurations = (
				AECF87C3246594CD001F0591 /* Debug */,
				AECF87C4246594CD001F0591 /* Release */,
			);
			defaultConfigurationIsVisible = 0;
			defaultConfigurationName = Release;
		};
/* End XCConfigurationList section */
	};
	rootObject = AECF878A246594C4001F0591 /* Project object */;
}
